
Microsoft Visual Studio Solution File, Format Version 12.00
# Visual Studio Version 16
VisualStudioVersion = 16.0.31205.175
MinimumVisualStudioVersion = 10.0.40219.1
Project("{FAE04EC0-301F-11D3-BF4B-00C04F79EFBC}") = "June10thPractice", "June10thPractice\June10thPractice.csproj", "{F114120C-9043-4CFA-87BF-E915A1F377DF}"
EndProject
Project("{FAE04EC0-301F-11D3-BF4B-00C04F79EFBC}") = "ClassLibrary1", "ClassLibrary1\ClassLibrary1.csproj", "{381DD95D-E7A8-45E2-AD50-18A7168CC2F1}"
EndProject
Global
	GlobalSection(SolutionConfigurationPlatforms) = preSolution
		Debug|Any CPU = Debug|Any CPU
		Release|Any CPU = Release|Any CPU
	EndGlobalSection
	GlobalSection(ProjectConfigurationPlatforms) = postSolution
		{F114120C-9043-4CFA-87BF-E915A1F377DF}.Debug|Any CPU.ActiveCfg = Debug|Any CPU
		{F114120C-9043-4CFA-87BF-E915A1F377DF}.Debug|Any CPU.Build.0 = Debug|Any CPU
		{F114120C-9043-4CFA-87BF-E915A1F377DF}.Release|Any CPU.ActiveCfg = Release|Any CPU
		{F114120C-9043-4CFA-87BF-E915A1F377DF}.Release|Any CPU.Build.0 = Release|Any CPU
		{381DD95D-E7A8-45E2-AD50-18A7168CC2F1}.Debug|Any CPU.ActiveCfg = Debug|Any CPU
		{381DD95D-E7A8-45E2-AD50-18A7168CC2F1}.Debug|Any CPU.Build.0 = Debug|Any CPU
		{381DD95D-E7A8-45E2-AD50-18A7168CC2F1}.Release|Any CPU.ActiveCfg = Release|Any CPU
		{381DD95D-E7A8-45E2-AD50-18A7168CC2F1}.Release|Any CPU.Build.0 = Release|Any CPU
	EndGlobalSection
	GlobalSection(SolutionProperties) = preSolution
		HideSolutionNode = FALSE
	EndGlobalSection
	GlobalSection(ExtensibilityGlobals) = postSolution
		SolutionGuid = {0E15A6FB-8EC0-4649-AD72-6DE074ED7639}
	EndGlobalSection
EndGlobal
